// !$*UTF8*$!
{
	archiveVersion = 1;
	classes = {
	};
	objectVersion = 46;
	objects = {

/* Begin PBXBuildFile section */
		A58F910D19A4A5830076AA1E /* AudioToolbox.framework in Frameworks */ = {isa = PBXBuildFile; fileRef = A58F910C19A4A5830076AA1E /* AudioToolbox.framework */; };
		A5E3E1FD1999158700322727 /* UIImage+ImageEffects.m in Sources */ = {isa = PBXBuildFile; fileRef = A5E3E1FC1999158700322727 /* UIImage+ImageEffects.m */; };
		A5E3E200199918D200322727 /* UILabel+Resize.m in Sources */ = {isa = PBXBuildFile; fileRef = A5E3E1FF199918D200322727 /* UILabel+Resize.m */; };
		A5E3E2031999193000322727 /* UIview+moveTo.m in Sources */ = {isa = PBXBuildFile; fileRef = A5E3E2021999193000322727 /* UIview+moveTo.m */; };
		A5E3E2071999205E00322727 /* golesDataBase.xcdatamodeld in Sources */ = {isa = PBXBuildFile; fileRef = A5E3E2051999205E00322727 /* golesDataBase.xcdatamodeld */; };
		A5E3E2091999206C00322727 /* defaultDataBase.sqlite in Resources */ = {isa = PBXBuildFile; fileRef = A5E3E2081999206C00322727 /* defaultDataBase.sqlite */; };
		AA05ADFE199A6E320046EB6F /* FilterCreation.m in Sources */ = {isa = PBXBuildFile; fileRef = AA05ADFD199A6E320046EB6F /* FilterCreation.m */; };
		AA241F83199CFB4900897D6D /* SyncControl.m in Sources */ = {isa = PBXBuildFile; fileRef = AA241F82199CFB4900897D6D /* SyncControl.m */; };
		AA241F86199CFB5200897D6D /* _SyncControl.m in Sources */ = {isa = PBXBuildFile; fileRef = AA241F85199CFB5200897D6D /* _SyncControl.m */; };
		AA241F89199CFB6400897D6D /* SyncManager.m in Sources */ = {isa = PBXBuildFile; fileRef = AA241F88199CFB6400897D6D /* SyncManager.m */; };
		AA623CDF1998A7F200A942A9 /* Foundation.framework in Frameworks */ = {isa = PBXBuildFile; fileRef = AA623CDE1998A7F200A942A9 /* Foundation.framework */; };
		AA623CE11998A7F200A942A9 /* CoreGraphics.framework in Frameworks */ = {isa = PBXBuildFile; fileRef = AA623CE01998A7F200A942A9 /* CoreGraphics.framework */; };
		AA623CE31998A7F200A942A9 /* UIKit.framework in Frameworks */ = {isa = PBXBuildFile; fileRef = AA623CE21998A7F200A942A9 /* UIKit.framework */; };
		AA623CEB1998A7F200A942A9 /* main.m in Sources */ = {isa = PBXBuildFile; fileRef = AA623CEA1998A7F200A942A9 /* main.m */; };
		AA623CEF1998A7F200A942A9 /* AppDelegate.m in Sources */ = {isa = PBXBuildFile; fileRef = AA623CEE1998A7F200A942A9 /* AppDelegate.m */; };
		AA623CF11998A7F200A942A9 /* Images.xcassets in Resources */ = {isa = PBXBuildFile; fileRef = AA623CF01998A7F200A942A9 /* Images.xcassets */; };
		AA623CF81998A7F200A942A9 /* XCTest.framework in Frameworks */ = {isa = PBXBuildFile; fileRef = AA623CF71998A7F200A942A9 /* XCTest.framework */; };
		AA623CF91998A7F200A942A9 /* Foundation.framework in Frameworks */ = {isa = PBXBuildFile; fileRef = AA623CDE1998A7F200A942A9 /* Foundation.framework */; };
		AA623CFA1998A7F200A942A9 /* UIKit.framework in Frameworks */ = {isa = PBXBuildFile; fileRef = AA623CE21998A7F200A942A9 /* UIKit.framework */; };
		AA623D021998A7F200A942A9 /* InfoPlist.strings in Resources */ = {isa = PBXBuildFile; fileRef = AA623D001998A7F200A942A9 /* InfoPlist.strings */; };
		AA623D041998A7F200A942A9 /* GolesTests.m in Sources */ = {isa = PBXBuildFile; fileRef = AA623D031998A7F200A942A9 /* GolesTests.m */; };
		AA623D231998CE1500A942A9 /* Setup.storyboard in Resources */ = {isa = PBXBuildFile; fileRef = AA623D251998CE1500A942A9 /* Setup.storyboard */; };
		AA623D2C1998CE4F00A942A9 /* Me.storyboard in Resources */ = {isa = PBXBuildFile; fileRef = AA623D2E1998CE4F00A942A9 /* Me.storyboard */; };
		AA623D2F1998CE5200A942A9 /* People.storyboard in Resources */ = {isa = PBXBuildFile; fileRef = AA623D311998CE5200A942A9 /* People.storyboard */; };
		AA623D3F1998CF4B00A942A9 /* InfoPlist.strings in Resources */ = {isa = PBXBuildFile; fileRef = AA623D381998CF4B00A942A9 /* InfoPlist.strings */; };
		AA623D401998CF4B00A942A9 /* golesMogen.sh in Resources */ = {isa = PBXBuildFile; fileRef = AA623D3A1998CF4B00A942A9 /* golesMogen.sh */; };
		AA623D411998CF4B00A942A9 /* a.aiff in Resources */ = {isa = PBXBuildFile; fileRef = AA623D3C1998CF4B00A942A9 /* a.aiff */; };
		AA623D421998CF4B00A942A9 /* g.aiff in Resources */ = {isa = PBXBuildFile; fileRef = AA623D3D1998CF4B00A942A9 /* g.aiff */; };
		AA623D431998CF4B00A942A9 /* s.aiff in Resources */ = {isa = PBXBuildFile; fileRef = AA623D3E1998CF4B00A942A9 /* s.aiff */; };
		AA623E181998D17800A942A9 /* _AppAdvice.m in Sources */ = {isa = PBXBuildFile; fileRef = AA623D461998D17700A942A9 /* _AppAdvice.m */; };
		AA623E1C1998D17800A942A9 /* _Device.m in Sources */ = {isa = PBXBuildFile; fileRef = AA623D4E1998D17700A942A9 /* _Device.m */; };
		AA623E271998D17800A942A9 /* _Match.m in Sources */ = {isa = PBXBuildFile; fileRef = AA623D641998D17700A942A9 /* _Match.m */; };
		AA623E2A1998D17800A942A9 /* _Message.m in Sources */ = {isa = PBXBuildFile; fileRef = AA623D6A1998D17700A942A9 /* _Message.m */; };
		AA623E2C1998D17800A942A9 /* _Player.m in Sources */ = {isa = PBXBuildFile; fileRef = AA623D6E1998D17700A942A9 /* _Player.m */; };
		AA623E321998D17800A942A9 /* _SML.m in Sources */ = {isa = PBXBuildFile; fileRef = AA623D7A1998D17700A942A9 /* _SML.m */; };
		AA623E351998D17800A942A9 /* _Team.m in Sources */ = {isa = PBXBuildFile; fileRef = AA623D801998D17700A942A9 /* _Team.m */; };
		AA623E371998D17800A942A9 /* AppAdvice.m in Sources */ = {isa = PBXBuildFile; fileRef = AA623D841998D17700A942A9 /* AppAdvice.m */; };
		AA623E3B1998D17800A942A9 /* CoreDataGenerator.m in Sources */ = {isa = PBXBuildFile; fileRef = AA623D8C1998D17700A942A9 /* CoreDataGenerator.m */; };
		AA623E3C1998D17800A942A9 /* CoreDataParsing.m in Sources */ = {isa = PBXBuildFile; fileRef = AA623D8E1998D17700A942A9 /* CoreDataParsing.m */; };
		AA623E3D1998D17800A942A9 /* Device.m in Sources */ = {isa = PBXBuildFile; fileRef = AA623D901998D17700A942A9 /* Device.m */; };
		AA623E481998D17800A942A9 /* Match.m in Sources */ = {isa = PBXBuildFile; fileRef = AA623DA61998D17700A942A9 /* Match.m */; };
		AA623E4B1998D17800A942A9 /* Message.m in Sources */ = {isa = PBXBuildFile; fileRef = AA623DAC1998D17700A942A9 /* Message.m */; };
		AA623E4D1998D17800A942A9 /* Player.m in Sources */ = {isa = PBXBuildFile; fileRef = AA623DB01998D17700A942A9 /* Player.m */; };
		AA623E531998D17800A942A9 /* SML.m in Sources */ = {isa = PBXBuildFile; fileRef = AA623DBC1998D17700A942A9 /* SML.m */; };
		AA623E561998D17800A942A9 /* Team.m in Sources */ = {isa = PBXBuildFile; fileRef = AA623DC21998D17700A942A9 /* Team.m */; };
		AA623E611998D17800A942A9 /* Appirater.m in Sources */ = {isa = PBXBuildFile; fileRef = AA623DDC1998D17700A942A9 /* Appirater.m */; };
		AA623E621998D17800A942A9 /* AppiraterLocalizable.strings in Resources */ = {isa = PBXBuildFile; fileRef = AA623DDE1998D17700A942A9 /* AppiraterLocalizable.strings */; };
		AA623E641998D17800A942A9 /* NSDate+Utils.m in Sources */ = {isa = PBXBuildFile; fileRef = AA623DE51998D17700A942A9 /* NSDate+Utils.m */; };
		AA623E6C1998D17800A942A9 /* CoreDataManager.m in Sources */ = {isa = PBXBuildFile; fileRef = AA623DF91998D17800A942A9 /* CoreDataManager.m */; };
		AA623E6F1998D17800A942A9 /* NavigationManager.m in Sources */ = {isa = PBXBuildFile; fileRef = AA623DFF1998D17800A942A9 /* NavigationManager.m */; };
		AA623E711998D17800A942A9 /* UserManager.m in Sources */ = {isa = PBXBuildFile; fileRef = AA623E031998D17800A942A9 /* UserManager.m */; };
		AA623E721998D17800A942A9 /* Fav24Colors.m in Sources */ = {isa = PBXBuildFile; fileRef = AA623E081998D17800A942A9 /* Fav24Colors.m */; };
		AA623E731998D17800A942A9 /* Fav24Fonts.m in Sources */ = {isa = PBXBuildFile; fileRef = AA623E0A1998D17800A942A9 /* Fav24Fonts.m */; };
		AA623E741998D17800A942A9 /* Utils.m in Sources */ = {isa = PBXBuildFile; fileRef = AA623E0E1998D17800A942A9 /* Utils.m */; };
		AA623E751998D17800A942A9 /* FavEntityDescriptor.m in Sources */ = {isa = PBXBuildFile; fileRef = AA623E111998D17800A942A9 /* FavEntityDescriptor.m */; };
		AA623E761998D17800A942A9 /* FavGeneralDAO.m in Sources */ = {isa = PBXBuildFile; fileRef = AA623E131998D17800A942A9 /* FavGeneralDAO.m */; };
		AA623E771998D17800A942A9 /* FavRestConsumer.m in Sources */ = {isa = PBXBuildFile; fileRef = AA623E151998D17800A942A9 /* FavRestConsumer.m */; };
		AA623E781998D17800A942A9 /* FavRestConsumerHelper.m in Sources */ = {isa = PBXBuildFile; fileRef = AA623E171998D17800A942A9 /* FavRestConsumerHelper.m */; };
		AA623E7A1998D19000A942A9 /* FacebookSDK.framework in Frameworks */ = {isa = PBXBuildFile; fileRef = AA623E791998D19000A942A9 /* FacebookSDK.framework */; };
		AA623EDC1998D78600A942A9 /* AppAdviceViewController.m in Sources */ = {isa = PBXBuildFile; fileRef = AA623E7E1998D78600A942A9 /* AppAdviceViewController.m */; };
		AA623EDD1998D78600A942A9 /* AppAdviceViewController.xib in Resources */ = {isa = PBXBuildFile; fileRef = AA623E7F1998D78600A942A9 /* AppAdviceViewController.xib */; };
		AA623EDE1998D78600A942A9 /* Fav24ExtendedNavigationController.m in Sources */ = {isa = PBXBuildFile; fileRef = AA623E811998D78600A942A9 /* Fav24ExtendedNavigationController.m */; };
		AA623EDF1998D78600A942A9 /* FAVFormContainerViewController.m in Sources */ = {isa = PBXBuildFile; fileRef = AA623E831998D78600A942A9 /* FAVFormContainerViewController.m */; };
		AA623EE01998D78600A942A9 /* LandingViewController.m in Sources */ = {isa = PBXBuildFile; fileRef = AA623E851998D78600A942A9 /* LandingViewController.m */; };
		AA623EE11998D78600A942A9 /* LandingViewController.xib in Resources */ = {isa = PBXBuildFile; fileRef = AA623E861998D78600A942A9 /* LandingViewController.xib */; };
		AA623F0D1998D78600A942A9 /* LoginViewController.m in Sources */ = {isa = PBXBuildFile; fileRef = AA623ED91998D78600A942A9 /* LoginViewController.m */; };
		AA623F111998F29D00A942A9 /* Localizable.strings in Resources */ = {isa = PBXBuildFile; fileRef = AA623F131998F29D00A942A9 /* Localizable.strings */; };
		AA623F171998F46E00A942A9 /* GenteTableViewController.m in Sources */ = {isa = PBXBuildFile; fileRef = AA623F161998F46E00A942A9 /* GenteTableViewController.m */; };
		AA623F1D1998F49700A942A9 /* YoContainerViewController.m in Sources */ = {isa = PBXBuildFile; fileRef = AA623F1C1998F49700A942A9 /* YoContainerViewController.m */; };
		AACA543C19C057C000E39D94 /* AFHTTPRequestOperation.m in Sources */ = {isa = PBXBuildFile; fileRef = AACA541819C057C000E39D94 /* AFHTTPRequestOperation.m */; };
		AACA543D19C057C000E39D94 /* AFHTTPRequestOperationManager.m in Sources */ = {isa = PBXBuildFile; fileRef = AACA541A19C057C000E39D94 /* AFHTTPRequestOperationManager.m */; };
		AACA543E19C057C000E39D94 /* AFHTTPSessionManager.m in Sources */ = {isa = PBXBuildFile; fileRef = AACA541C19C057C000E39D94 /* AFHTTPSessionManager.m */; };
		AACA543F19C057C000E39D94 /* AFNetworkReachabilityManager.m in Sources */ = {isa = PBXBuildFile; fileRef = AACA541F19C057C000E39D94 /* AFNetworkReachabilityManager.m */; };
		AACA544019C057C000E39D94 /* AFSecurityPolicy.m in Sources */ = {isa = PBXBuildFile; fileRef = AACA542119C057C000E39D94 /* AFSecurityPolicy.m */; };
		AACA544119C057C000E39D94 /* AFURLConnectionOperation.m in Sources */ = {isa = PBXBuildFile; fileRef = AACA542319C057C000E39D94 /* AFURLConnectionOperation.m */; };
		AACA544219C057C000E39D94 /* AFURLRequestSerialization.m in Sources */ = {isa = PBXBuildFile; fileRef = AACA542519C057C000E39D94 /* AFURLRequestSerialization.m */; };
		AACA544319C057C000E39D94 /* AFURLResponseSerialization.m in Sources */ = {isa = PBXBuildFile; fileRef = AACA542719C057C000E39D94 /* AFURLResponseSerialization.m */; };
		AACA544419C057C000E39D94 /* AFURLSessionManager.m in Sources */ = {isa = PBXBuildFile; fileRef = AACA542919C057C000E39D94 /* AFURLSessionManager.m */; };
		AACA544519C057C000E39D94 /* AFNetworkActivityIndicatorManager.m in Sources */ = {isa = PBXBuildFile; fileRef = AACA542C19C057C000E39D94 /* AFNetworkActivityIndicatorManager.m */; };
		AACA544619C057C000E39D94 /* UIActivityIndicatorView+AFNetworking.m in Sources */ = {isa = PBXBuildFile; fileRef = AACA542E19C057C000E39D94 /* UIActivityIndicatorView+AFNetworking.m */; };
		AACA544719C057C000E39D94 /* UIAlertView+AFNetworking.m in Sources */ = {isa = PBXBuildFile; fileRef = AACA543019C057C000E39D94 /* UIAlertView+AFNetworking.m */; };
		AACA544819C057C000E39D94 /* UIButton+AFNetworking.m in Sources */ = {isa = PBXBuildFile; fileRef = AACA543219C057C000E39D94 /* UIButton+AFNetworking.m */; };
		AACA544919C057C000E39D94 /* UIImageView+AFNetworking.m in Sources */ = {isa = PBXBuildFile; fileRef = AACA543419C057C000E39D94 /* UIImageView+AFNetworking.m */; };
		AACA544A19C057C000E39D94 /* UIProgressView+AFNetworking.m in Sources */ = {isa = PBXBuildFile; fileRef = AACA543719C057C000E39D94 /* UIProgressView+AFNetworking.m */; };
		AACA544B19C057C000E39D94 /* UIRefreshControl+AFNetworking.m in Sources */ = {isa = PBXBuildFile; fileRef = AACA543919C057C000E39D94 /* UIRefreshControl+AFNetworking.m */; };
		AACA544C19C057C000E39D94 /* UIWebView+AFNetworking.m in Sources */ = {isa = PBXBuildFile; fileRef = AACA543B19C057C000E39D94 /* UIWebView+AFNetworking.m */; };
/* End PBXBuildFile section */

/* Begin PBXContainerItemProxy section */
		AA623CFB1998A7F200A942A9 /* PBXContainerItemProxy */ = {
			isa = PBXContainerItemProxy;
			containerPortal = AA623CD31998A7F200A942A9 /* Project object */;
			proxyType = 1;
			remoteGlobalIDString = AA623CDA1998A7F200A942A9;
			remoteInfo = Goles;
		};
/* End PBXContainerItemProxy section */

/* Begin PBXFileReference section */
		A58F910C19A4A5830076AA1E /* AudioToolbox.framework */ = {isa = PBXFileReference; lastKnownFileType = wrapper.framework; name = AudioToolbox.framework; path = System/Library/Frameworks/AudioToolbox.framework; sourceTree = SDKROOT; };
		A5E3E1FB1999158700322727 /* UIImage+ImageEffects.h */ = {isa = PBXFileReference; fileEncoding = 4; lastKnownFileType = sourcecode.c.h; path = "UIImage+ImageEffects.h"; sourceTree = "<group>"; };
		A5E3E1FC1999158700322727 /* UIImage+ImageEffects.m */ = {isa = PBXFileReference; fileEncoding = 4; lastKnownFileType = sourcecode.c.objc; path = "UIImage+ImageEffects.m"; sourceTree = "<group>"; };
		A5E3E1FE199918D200322727 /* UILabel+Resize.h */ = {isa = PBXFileReference; fileEncoding = 4; lastKnownFileType = sourcecode.c.h; path = "UILabel+Resize.h"; sourceTree = "<group>"; };
		A5E3E1FF199918D200322727 /* UILabel+Resize.m */ = {isa = PBXFileReference; fileEncoding = 4; lastKnownFileType = sourcecode.c.objc; path = "UILabel+Resize.m"; sourceTree = "<group>"; };
		A5E3E2011999193000322727 /* UIview+moveTo.h */ = {isa = PBXFileReference; fileEncoding = 4; lastKnownFileType = sourcecode.c.h; path = "UIview+moveTo.h"; sourceTree = "<group>"; };
		A5E3E2021999193000322727 /* UIview+moveTo.m */ = {isa = PBXFileReference; fileEncoding = 4; lastKnownFileType = sourcecode.c.objc; path = "UIview+moveTo.m"; sourceTree = "<group>"; };
		A5E3E2061999205E00322727 /* golesDataBase.xcdatamodel */ = {isa = PBXFileReference; lastKnownFileType = wrapper.xcdatamodel; path = golesDataBase.xcdatamodel; sourceTree = "<group>"; };
		A5E3E2081999206C00322727 /* defaultDataBase.sqlite */ = {isa = PBXFileReference; lastKnownFileType = file; path = defaultDataBase.sqlite; sourceTree = "<group>"; };
		AA05ADFC199A6E320046EB6F /* FilterCreation.h */ = {isa = PBXFileReference; fileEncoding = 4; lastKnownFileType = sourcecode.c.h; path = FilterCreation.h; sourceTree = "<group>"; };
		AA05ADFD199A6E320046EB6F /* FilterCreation.m */ = {isa = PBXFileReference; fileEncoding = 4; lastKnownFileType = sourcecode.c.objc; path = FilterCreation.m; sourceTree = "<group>"; };
		AA241F81199CFB4900897D6D /* SyncControl.h */ = {isa = PBXFileReference; fileEncoding = 4; lastKnownFileType = sourcecode.c.h; path = SyncControl.h; sourceTree = "<group>"; };
		AA241F82199CFB4900897D6D /* SyncControl.m */ = {isa = PBXFileReference; fileEncoding = 4; lastKnownFileType = sourcecode.c.objc; path = SyncControl.m; sourceTree = "<group>"; };
		AA241F84199CFB5200897D6D /* _SyncControl.h */ = {isa = PBXFileReference; fileEncoding = 4; lastKnownFileType = sourcecode.c.h; path = _SyncControl.h; sourceTree = "<group>"; };
		AA241F85199CFB5200897D6D /* _SyncControl.m */ = {isa = PBXFileReference; fileEncoding = 4; lastKnownFileType = sourcecode.c.objc; path = _SyncControl.m; sourceTree = "<group>"; };
		AA241F87199CFB6400897D6D /* SyncManager.h */ = {isa = PBXFileReference; fileEncoding = 4; lastKnownFileType = sourcecode.c.h; path = SyncManager.h; sourceTree = "<group>"; };
		AA241F88199CFB6400897D6D /* SyncManager.m */ = {isa = PBXFileReference; fileEncoding = 4; lastKnownFileType = sourcecode.c.objc; path = SyncManager.m; sourceTree = "<group>"; };
		AA623CDB1998A7F200A942A9 /* Goles.app */ = {isa = PBXFileReference; explicitFileType = wrapper.application; includeInIndex = 0; path = Goles.app; sourceTree = BUILT_PRODUCTS_DIR; };
		AA623CDE1998A7F200A942A9 /* Foundation.framework */ = {isa = PBXFileReference; lastKnownFileType = wrapper.framework; name = Foundation.framework; path = System/Library/Frameworks/Foundation.framework; sourceTree = SDKROOT; };
		AA623CE01998A7F200A942A9 /* CoreGraphics.framework */ = {isa = PBXFileReference; lastKnownFileType = wrapper.framework; name = CoreGraphics.framework; path = System/Library/Frameworks/CoreGraphics.framework; sourceTree = SDKROOT; };
		AA623CE21998A7F200A942A9 /* UIKit.framework */ = {isa = PBXFileReference; lastKnownFileType = wrapper.framework; name = UIKit.framework; path = System/Library/Frameworks/UIKit.framework; sourceTree = SDKROOT; };
		AA623CE61998A7F200A942A9 /* Goles-Info.plist */ = {isa = PBXFileReference; lastKnownFileType = text.plist.xml; path = "Goles-Info.plist"; sourceTree = "<group>"; };
		AA623CEA1998A7F200A942A9 /* main.m */ = {isa = PBXFileReference; lastKnownFileType = sourcecode.c.objc; path = main.m; sourceTree = "<group>"; };
		AA623CEC1998A7F200A942A9 /* Goles-Prefix.pch */ = {isa = PBXFileReference; lastKnownFileType = sourcecode.c.h; path = "Goles-Prefix.pch"; sourceTree = "<group>"; };
		AA623CED1998A7F200A942A9 /* AppDelegate.h */ = {isa = PBXFileReference; lastKnownFileType = sourcecode.c.h; path = AppDelegate.h; sourceTree = "<group>"; };
		AA623CEE1998A7F200A942A9 /* AppDelegate.m */ = {isa = PBXFileReference; lastKnownFileType = sourcecode.c.objc; path = AppDelegate.m; sourceTree = "<group>"; };
		AA623CF01998A7F200A942A9 /* Images.xcassets */ = {isa = PBXFileReference; lastKnownFileType = folder.assetcatalog; path = Images.xcassets; sourceTree = "<group>"; };
		AA623CF61998A7F200A942A9 /* GolesTests.xctest */ = {isa = PBXFileReference; explicitFileType = wrapper.cfbundle; includeInIndex = 0; path = GolesTests.xctest; sourceTree = BUILT_PRODUCTS_DIR; };
		AA623CF71998A7F200A942A9 /* XCTest.framework */ = {isa = PBXFileReference; lastKnownFileType = wrapper.framework; name = XCTest.framework; path = Library/Frameworks/XCTest.framework; sourceTree = DEVELOPER_DIR; };
		AA623CFF1998A7F200A942A9 /* GolesTests-Info.plist */ = {isa = PBXFileReference; lastKnownFileType = text.plist.xml; path = "GolesTests-Info.plist"; sourceTree = "<group>"; };
		AA623D011998A7F200A942A9 /* en */ = {isa = PBXFileReference; lastKnownFileType = text.plist.strings; name = en; path = en.lproj/InfoPlist.strings; sourceTree = "<group>"; };
		AA623D031998A7F200A942A9 /* GolesTests.m */ = {isa = PBXFileReference; lastKnownFileType = sourcecode.c.objc; path = GolesTests.m; sourceTree = "<group>"; };
		AA623D241998CE1500A942A9 /* en */ = {isa = PBXFileReference; lastKnownFileType = file.storyboard; name = en; path = en.lproj/Setup.storyboard; sourceTree = "<group>"; };
		AA623D2D1998CE4F00A942A9 /* en */ = {isa = PBXFileReference; lastKnownFileType = file.storyboard; name = en; path = en.lproj/Me.storyboard; sourceTree = "<group>"; };
		AA623D301998CE5200A942A9 /* en */ = {isa = PBXFileReference; lastKnownFileType = file.storyboard; name = en; path = en.lproj/People.storyboard; sourceTree = "<group>"; };
		AA623D321998CE6B00A942A9 /* es */ = {isa = PBXFileReference; lastKnownFileType = file.storyboard; name = es; path = es.lproj/Setup.storyboard; sourceTree = "<group>"; };
		AA623D351998CE6B00A942A9 /* es */ = {isa = PBXFileReference; lastKnownFileType = file.storyboard; name = es; path = es.lproj/Me.storyboard; sourceTree = "<group>"; };
		AA623D361998CE6B00A942A9 /* es */ = {isa = PBXFileReference; lastKnownFileType = file.storyboard; name = es; path = es.lproj/People.storyboard; sourceTree = "<group>"; };
		AA623D371998CE6B00A942A9 /* es */ = {isa = PBXFileReference; lastKnownFileType = text.plist.strings; name = es; path = es.lproj/InfoPlist.strings; sourceTree = "<group>"; };
		AA623D381998CF4B00A942A9 /* InfoPlist.strings */ = {isa = PBXFileReference; fileEncoding = 4; lastKnownFileType = text.plist.strings; path = InfoPlist.strings; sourceTree = "<group>"; };
		AA623D3A1998CF4B00A942A9 /* golesMogen.sh */ = {isa = PBXFileReference; fileEncoding = 4; lastKnownFileType = text.script.sh; path = golesMogen.sh; sourceTree = "<group>"; };
		AA623D3C1998CF4B00A942A9 /* a.aiff */ = {isa = PBXFileReference; lastKnownFileType = audio.aiff; path = a.aiff; sourceTree = "<group>"; };
		AA623D3D1998CF4B00A942A9 /* g.aiff */ = {isa = PBXFileReference; lastKnownFileType = audio.aiff; path = g.aiff; sourceTree = "<group>"; };
		AA623D3E1998CF4B00A942A9 /* s.aiff */ = {isa = PBXFileReference; lastKnownFileType = audio.aiff; path = s.aiff; sourceTree = "<group>"; };
		AA623D451998D17700A942A9 /* _AppAdvice.h */ = {isa = PBXFileReference; fileEncoding = 4; lastKnownFileType = sourcecode.c.h; path = _AppAdvice.h; sourceTree = "<group>"; };
		AA623D461998D17700A942A9 /* _AppAdvice.m */ = {isa = PBXFileReference; fileEncoding = 4; lastKnownFileType = sourcecode.c.objc; path = _AppAdvice.m; sourceTree = "<group>"; };
		AA623D4D1998D17700A942A9 /* _Device.h */ = {isa = PBXFileReference; fileEncoding = 4; lastKnownFileType = sourcecode.c.h; path = _Device.h; sourceTree = "<group>"; };
		AA623D4E1998D17700A942A9 /* _Device.m */ = {isa = PBXFileReference; fileEncoding = 4; lastKnownFileType = sourcecode.c.objc; path = _Device.m; sourceTree = "<group>"; };
		AA623D631998D17700A942A9 /* _Match.h */ = {isa = PBXFileReference; fileEncoding = 4; lastKnownFileType = sourcecode.c.h; path = _Match.h; sourceTree = "<group>"; };
		AA623D641998D17700A942A9 /* _Match.m */ = {isa = PBXFileReference; fileEncoding = 4; lastKnownFileType = sourcecode.c.objc; path = _Match.m; sourceTree = "<group>"; };
		AA623D691998D17700A942A9 /* _Message.h */ = {isa = PBXFileReference; fileEncoding = 4; lastKnownFileType = sourcecode.c.h; path = _Message.h; sourceTree = "<group>"; };
		AA623D6A1998D17700A942A9 /* _Message.m */ = {isa = PBXFileReference; fileEncoding = 4; lastKnownFileType = sourcecode.c.objc; path = _Message.m; sourceTree = "<group>"; };
		AA623D6D1998D17700A942A9 /* _Player.h */ = {isa = PBXFileReference; fileEncoding = 4; lastKnownFileType = sourcecode.c.h; path = _Player.h; sourceTree = "<group>"; };
		AA623D6E1998D17700A942A9 /* _Player.m */ = {isa = PBXFileReference; fileEncoding = 4; lastKnownFileType = sourcecode.c.objc; path = _Player.m; sourceTree = "<group>"; };
		AA623D791998D17700A942A9 /* _SML.h */ = {isa = PBXFileReference; fileEncoding = 4; lastKnownFileType = sourcecode.c.h; path = _SML.h; sourceTree = "<group>"; };
		AA623D7A1998D17700A942A9 /* _SML.m */ = {isa = PBXFileReference; fileEncoding = 4; lastKnownFileType = sourcecode.c.objc; path = _SML.m; sourceTree = "<group>"; };
		AA623D7F1998D17700A942A9 /* _Team.h */ = {isa = PBXFileReference; fileEncoding = 4; lastKnownFileType = sourcecode.c.h; path = _Team.h; sourceTree = "<group>"; };
		AA623D801998D17700A942A9 /* _Team.m */ = {isa = PBXFileReference; fileEncoding = 4; lastKnownFileType = sourcecode.c.objc; path = _Team.m; sourceTree = "<group>"; };
		AA623D831998D17700A942A9 /* AppAdvice.h */ = {isa = PBXFileReference; fileEncoding = 4; lastKnownFileType = sourcecode.c.h; path = AppAdvice.h; sourceTree = "<group>"; };
		AA623D841998D17700A942A9 /* AppAdvice.m */ = {isa = PBXFileReference; fileEncoding = 4; lastKnownFileType = sourcecode.c.objc; path = AppAdvice.m; sourceTree = "<group>"; };
		AA623D8B1998D17700A942A9 /* CoreDataGenerator.h */ = {isa = PBXFileReference; fileEncoding = 4; lastKnownFileType = sourcecode.c.h; path = CoreDataGenerator.h; sourceTree = "<group>"; };
		AA623D8C1998D17700A942A9 /* CoreDataGenerator.m */ = {isa = PBXFileReference; fileEncoding = 4; lastKnownFileType = sourcecode.c.objc; path = CoreDataGenerator.m; sourceTree = "<group>"; };
		AA623D8D1998D17700A942A9 /* CoreDataParsing.h */ = {isa = PBXFileReference; fileEncoding = 4; lastKnownFileType = sourcecode.c.h; path = CoreDataParsing.h; sourceTree = "<group>"; };
		AA623D8E1998D17700A942A9 /* CoreDataParsing.m */ = {isa = PBXFileReference; fileEncoding = 4; lastKnownFileType = sourcecode.c.objc; path = CoreDataParsing.m; sourceTree = "<group>"; };
		AA623D8F1998D17700A942A9 /* Device.h */ = {isa = PBXFileReference; fileEncoding = 4; lastKnownFileType = sourcecode.c.h; path = Device.h; sourceTree = "<group>"; };
		AA623D901998D17700A942A9 /* Device.m */ = {isa = PBXFileReference; fileEncoding = 4; lastKnownFileType = sourcecode.c.objc; path = Device.m; sourceTree = "<group>"; };
		AA623DA51998D17700A942A9 /* Match.h */ = {isa = PBXFileReference; fileEncoding = 4; lastKnownFileType = sourcecode.c.h; path = Match.h; sourceTree = "<group>"; };
		AA623DA61998D17700A942A9 /* Match.m */ = {isa = PBXFileReference; fileEncoding = 4; lastKnownFileType = sourcecode.c.objc; path = Match.m; sourceTree = "<group>"; };
		AA623DAB1998D17700A942A9 /* Message.h */ = {isa = PBXFileReference; fileEncoding = 4; lastKnownFileType = sourcecode.c.h; path = Message.h; sourceTree = "<group>"; };
		AA623DAC1998D17700A942A9 /* Message.m */ = {isa = PBXFileReference; fileEncoding = 4; lastKnownFileType = sourcecode.c.objc; path = Message.m; sourceTree = "<group>"; };
		AA623DAF1998D17700A942A9 /* Player.h */ = {isa = PBXFileReference; fileEncoding = 4; lastKnownFileType = sourcecode.c.h; path = Player.h; sourceTree = "<group>"; };
		AA623DB01998D17700A942A9 /* Player.m */ = {isa = PBXFileReference; fileEncoding = 4; lastKnownFileType = sourcecode.c.objc; path = Player.m; sourceTree = "<group>"; };
		AA623DBB1998D17700A942A9 /* SML.h */ = {isa = PBXFileReference; fileEncoding = 4; lastKnownFileType = sourcecode.c.h; path = SML.h; sourceTree = "<group>"; };
		AA623DBC1998D17700A942A9 /* SML.m */ = {isa = PBXFileReference; fileEncoding = 4; lastKnownFileType = sourcecode.c.objc; path = SML.m; sourceTree = "<group>"; };
		AA623DC11998D17700A942A9 /* Team.h */ = {isa = PBXFileReference; fileEncoding = 4; lastKnownFileType = sourcecode.c.h; path = Team.h; sourceTree = "<group>"; };
		AA623DC21998D17700A942A9 /* Team.m */ = {isa = PBXFileReference; fileEncoding = 4; lastKnownFileType = sourcecode.c.objc; path = Team.m; sourceTree = "<group>"; };
		AA623DDB1998D17700A942A9 /* Appirater.h */ = {isa = PBXFileReference; fileEncoding = 4; lastKnownFileType = sourcecode.c.h; path = Appirater.h; sourceTree = "<group>"; };
		AA623DDC1998D17700A942A9 /* Appirater.m */ = {isa = PBXFileReference; fileEncoding = 4; lastKnownFileType = sourcecode.c.objc; path = Appirater.m; sourceTree = "<group>"; };
		AA623DDD1998D17700A942A9 /* AppiraterDelegate.h */ = {isa = PBXFileReference; fileEncoding = 4; lastKnownFileType = sourcecode.c.h; path = AppiraterDelegate.h; sourceTree = "<group>"; };
		AA623DDF1998D17700A942A9 /* es */ = {isa = PBXFileReference; lastKnownFileType = text.plist.strings; name = es; path = es.lproj/AppiraterLocalizable.strings; sourceTree = "<group>"; };
		AA623DE41998D17700A942A9 /* NSDate+Utils.h */ = {isa = PBXFileReference; fileEncoding = 4; lastKnownFileType = sourcecode.c.h; path = "NSDate+Utils.h"; sourceTree = "<group>"; };
		AA623DE51998D17700A942A9 /* NSDate+Utils.m */ = {isa = PBXFileReference; fileEncoding = 4; lastKnownFileType = sourcecode.c.objc; path = "NSDate+Utils.m"; sourceTree = "<group>"; };
		AA623DF81998D17800A942A9 /* CoreDataManager.h */ = {isa = PBXFileReference; fileEncoding = 4; lastKnownFileType = sourcecode.c.h; path = CoreDataManager.h; sourceTree = "<group>"; };
		AA623DF91998D17800A942A9 /* CoreDataManager.m */ = {isa = PBXFileReference; fileEncoding = 4; lastKnownFileType = sourcecode.c.objc; path = CoreDataManager.m; sourceTree = "<group>"; };
		AA623DFE1998D17800A942A9 /* NavigationManager.h */ = {isa = PBXFileReference; fileEncoding = 4; lastKnownFileType = sourcecode.c.h; path = NavigationManager.h; sourceTree = "<group>"; };
		AA623DFF1998D17800A942A9 /* NavigationManager.m */ = {isa = PBXFileReference; fileEncoding = 4; lastKnownFileType = sourcecode.c.objc; path = NavigationManager.m; sourceTree = "<group>"; };
		AA623E021998D17800A942A9 /* UserManager.h */ = {isa = PBXFileReference; fileEncoding = 4; lastKnownFileType = sourcecode.c.h; path = UserManager.h; sourceTree = "<group>"; };
		AA623E031998D17800A942A9 /* UserManager.m */ = {isa = PBXFileReference; fileEncoding = 4; lastKnownFileType = sourcecode.c.objc; path = UserManager.m; sourceTree = "<group>"; };
		AA623E061998D17800A942A9 /* Constants.h */ = {isa = PBXFileReference; fileEncoding = 4; lastKnownFileType = sourcecode.c.h; path = Constants.h; sourceTree = "<group>"; };
		AA623E071998D17800A942A9 /* Fav24Colors.h */ = {isa = PBXFileReference; fileEncoding = 4; lastKnownFileType = sourcecode.c.h; path = Fav24Colors.h; sourceTree = "<group>"; };
		AA623E081998D17800A942A9 /* Fav24Colors.m */ = {isa = PBXFileReference; fileEncoding = 4; lastKnownFileType = sourcecode.c.objc; path = Fav24Colors.m; sourceTree = "<group>"; };
		AA623E091998D17800A942A9 /* Fav24Fonts.h */ = {isa = PBXFileReference; fileEncoding = 4; lastKnownFileType = sourcecode.c.h; path = Fav24Fonts.h; sourceTree = "<group>"; };
		AA623E0A1998D17800A942A9 /* Fav24Fonts.m */ = {isa = PBXFileReference; fileEncoding = 4; lastKnownFileType = sourcecode.c.objc; path = Fav24Fonts.m; sourceTree = "<group>"; };
		AA623E0C1998D17800A942A9 /* Services.pch */ = {isa = PBXFileReference; fileEncoding = 4; lastKnownFileType = sourcecode.c.h; path = Services.pch; sourceTree = "<group>"; };
		AA623E0D1998D17800A942A9 /* Utils.h */ = {isa = PBXFileReference; fileEncoding = 4; lastKnownFileType = sourcecode.c.h; path = Utils.h; sourceTree = "<group>"; };
		AA623E0E1998D17800A942A9 /* Utils.m */ = {isa = PBXFileReference; fileEncoding = 4; lastKnownFileType = sourcecode.c.objc; path = Utils.m; sourceTree = "<group>"; };
		AA623E101998D17800A942A9 /* FavEntityDescriptor.h */ = {isa = PBXFileReference; fileEncoding = 4; lastKnownFileType = sourcecode.c.h; path = FavEntityDescriptor.h; sourceTree = "<group>"; };
		AA623E111998D17800A942A9 /* FavEntityDescriptor.m */ = {isa = PBXFileReference; fileEncoding = 4; lastKnownFileType = sourcecode.c.objc; path = FavEntityDescriptor.m; sourceTree = "<group>"; };
		AA623E121998D17800A942A9 /* FavGeneralDAO.h */ = {isa = PBXFileReference; fileEncoding = 4; lastKnownFileType = sourcecode.c.h; path = FavGeneralDAO.h; sourceTree = "<group>"; };
		AA623E131998D17800A942A9 /* FavGeneralDAO.m */ = {isa = PBXFileReference; fileEncoding = 4; lastKnownFileType = sourcecode.c.objc; path = FavGeneralDAO.m; sourceTree = "<group>"; };
		AA623E141998D17800A942A9 /* FavRestConsumer.h */ = {isa = PBXFileReference; fileEncoding = 4; lastKnownFileType = sourcecode.c.h; path = FavRestConsumer.h; sourceTree = "<group>"; };
		AA623E151998D17800A942A9 /* FavRestConsumer.m */ = {isa = PBXFileReference; fileEncoding = 4; lastKnownFileType = sourcecode.c.objc; path = FavRestConsumer.m; sourceTree = "<group>"; };
		AA623E161998D17800A942A9 /* FavRestConsumerHelper.h */ = {isa = PBXFileReference; fileEncoding = 4; lastKnownFileType = sourcecode.c.h; path = FavRestConsumerHelper.h; sourceTree = "<group>"; };
		AA623E171998D17800A942A9 /* FavRestConsumerHelper.m */ = {isa = PBXFileReference; fileEncoding = 4; lastKnownFileType = sourcecode.c.objc; path = FavRestConsumerHelper.m; sourceTree = "<group>"; };
		AA623E791998D19000A942A9 /* FacebookSDK.framework */ = {isa = PBXFileReference; lastKnownFileType = wrapper.framework; path = FacebookSDK.framework; sourceTree = "<group>"; };
		AA623E7D1998D78600A942A9 /* AppAdviceViewController.h */ = {isa = PBXFileReference; fileEncoding = 4; lastKnownFileType = sourcecode.c.h; path = AppAdviceViewController.h; sourceTree = "<group>"; };
		AA623E7E1998D78600A942A9 /* AppAdviceViewController.m */ = {isa = PBXFileReference; fileEncoding = 4; lastKnownFileType = sourcecode.c.objc; path = AppAdviceViewController.m; sourceTree = "<group>"; };
		AA623E7F1998D78600A942A9 /* AppAdviceViewController.xib */ = {isa = PBXFileReference; fileEncoding = 4; lastKnownFileType = file.xib; path = AppAdviceViewController.xib; sourceTree = "<group>"; };
		AA623E801998D78600A942A9 /* Fav24ExtendedNavigationController.h */ = {isa = PBXFileReference; fileEncoding = 4; lastKnownFileType = sourcecode.c.h; path = Fav24ExtendedNavigationController.h; sourceTree = "<group>"; };
		AA623E811998D78600A942A9 /* Fav24ExtendedNavigationController.m */ = {isa = PBXFileReference; fileEncoding = 4; lastKnownFileType = sourcecode.c.objc; path = Fav24ExtendedNavigationController.m; sourceTree = "<group>"; };
		AA623E821998D78600A942A9 /* FAVFormContainerViewController.h */ = {isa = PBXFileReference; fileEncoding = 4; lastKnownFileType = sourcecode.c.h; path = FAVFormContainerViewController.h; sourceTree = "<group>"; };
		AA623E831998D78600A942A9 /* FAVFormContainerViewController.m */ = {isa = PBXFileReference; fileEncoding = 4; lastKnownFileType = sourcecode.c.objc; path = FAVFormContainerViewController.m; sourceTree = "<group>"; };
		AA623E841998D78600A942A9 /* LandingViewController.h */ = {isa = PBXFileReference; fileEncoding = 4; lastKnownFileType = sourcecode.c.h; path = LandingViewController.h; sourceTree = "<group>"; };
		AA623E851998D78600A942A9 /* LandingViewController.m */ = {isa = PBXFileReference; fileEncoding = 4; lastKnownFileType = sourcecode.c.objc; path = LandingViewController.m; sourceTree = "<group>"; };
		AA623E861998D78600A942A9 /* LandingViewController.xib */ = {isa = PBXFileReference; fileEncoding = 4; lastKnownFileType = file.xib; path = LandingViewController.xib; sourceTree = "<group>"; };
		AA623ED81998D78600A942A9 /* LoginViewController.h */ = {isa = PBXFileReference; fileEncoding = 4; lastKnownFileType = sourcecode.c.h; path = LoginViewController.h; sourceTree = "<group>"; };
		AA623ED91998D78600A942A9 /* LoginViewController.m */ = {isa = PBXFileReference; fileEncoding = 4; lastKnownFileType = sourcecode.c.objc; path = LoginViewController.m; sourceTree = "<group>"; };
		AA623F121998F29D00A942A9 /* en */ = {isa = PBXFileReference; lastKnownFileType = text.plist.strings; name = en; path = en.lproj/Localizable.strings; sourceTree = "<group>"; };
		AA623F141998F2A000A942A9 /* es */ = {isa = PBXFileReference; lastKnownFileType = text.plist.strings; name = es; path = es.lproj/Localizable.strings; sourceTree = "<group>"; };
		AA623F151998F46E00A942A9 /* GenteTableViewController.h */ = {isa = PBXFileReference; fileEncoding = 4; lastKnownFileType = sourcecode.c.h; path = GenteTableViewController.h; sourceTree = "<group>"; };
		AA623F161998F46E00A942A9 /* GenteTableViewController.m */ = {isa = PBXFileReference; fileEncoding = 4; lastKnownFileType = sourcecode.c.objc; path = GenteTableViewController.m; sourceTree = "<group>"; };
		AA623F1B1998F49700A942A9 /* YoContainerViewController.h */ = {isa = PBXFileReference; fileEncoding = 4; lastKnownFileType = sourcecode.c.h; path = YoContainerViewController.h; sourceTree = "<group>"; };
		AA623F1C1998F49700A942A9 /* YoContainerViewController.m */ = {isa = PBXFileReference; fileEncoding = 4; lastKnownFileType = sourcecode.c.objc; path = YoContainerViewController.m; sourceTree = "<group>"; };
		AACA541719C057C000E39D94 /* AFHTTPRequestOperation.h */ = {isa = PBXFileReference; fileEncoding = 4; lastKnownFileType = sourcecode.c.h; path = AFHTTPRequestOperation.h; sourceTree = "<group>"; };
		AACA541819C057C000E39D94 /* AFHTTPRequestOperation.m */ = {isa = PBXFileReference; fileEncoding = 4; lastKnownFileType = sourcecode.c.objc; path = AFHTTPRequestOperation.m; sourceTree = "<group>"; };
		AACA541919C057C000E39D94 /* AFHTTPRequestOperationManager.h */ = {isa = PBXFileReference; fileEncoding = 4; lastKnownFileType = sourcecode.c.h; path = AFHTTPRequestOperationManager.h; sourceTree = "<group>"; };
		AACA541A19C057C000E39D94 /* AFHTTPRequestOperationManager.m */ = {isa = PBXFileReference; fileEncoding = 4; lastKnownFileType = sourcecode.c.objc; path = AFHTTPRequestOperationManager.m; sourceTree = "<group>"; };
		AACA541B19C057C000E39D94 /* AFHTTPSessionManager.h */ = {isa = PBXFileReference; fileEncoding = 4; lastKnownFileType = sourcecode.c.h; path = AFHTTPSessionManager.h; sourceTree = "<group>"; };
		AACA541C19C057C000E39D94 /* AFHTTPSessionManager.m */ = {isa = PBXFileReference; fileEncoding = 4; lastKnownFileType = sourcecode.c.objc; path = AFHTTPSessionManager.m; sourceTree = "<group>"; };
		AACA541D19C057C000E39D94 /* AFNetworking.h */ = {isa = PBXFileReference; fileEncoding = 4; lastKnownFileType = sourcecode.c.h; path = AFNetworking.h; sourceTree = "<group>"; };
		AACA541E19C057C000E39D94 /* AFNetworkReachabilityManager.h */ = {isa = PBXFileReference; fileEncoding = 4; lastKnownFileType = sourcecode.c.h; path = AFNetworkReachabilityManager.h; sourceTree = "<group>"; };
		AACA541F19C057C000E39D94 /* AFNetworkReachabilityManager.m */ = {isa = PBXFileReference; fileEncoding = 4; lastKnownFileType = sourcecode.c.objc; path = AFNetworkReachabilityManager.m; sourceTree = "<group>"; };
		AACA542019C057C000E39D94 /* AFSecurityPolicy.h */ = {isa = PBXFileReference; fileEncoding = 4; lastKnownFileType = sourcecode.c.h; path = AFSecurityPolicy.h; sourceTree = "<group>"; };
		AACA542119C057C000E39D94 /* AFSecurityPolicy.m */ = {isa = PBXFileReference; fileEncoding = 4; lastKnownFileType = sourcecode.c.objc; path = AFSecurityPolicy.m; sourceTree = "<group>"; };
		AACA542219C057C000E39D94 /* AFURLConnectionOperation.h */ = {isa = PBXFileReference; fileEncoding = 4; lastKnownFileType = sourcecode.c.h; path = AFURLConnectionOperation.h; sourceTree = "<group>"; };
		AACA542319C057C000E39D94 /* AFURLConnectionOperation.m */ = {isa = PBXFileReference; fileEncoding = 4; lastKnownFileType = sourcecode.c.objc; path = AFURLConnectionOperation.m; sourceTree = "<group>"; };
		AACA542419C057C000E39D94 /* AFURLRequestSerialization.h */ = {isa = PBXFileReference; fileEncoding = 4; lastKnownFileType = sourcecode.c.h; path = AFURLRequestSerialization.h; sourceTree = "<group>"; };
		AACA542519C057C000E39D94 /* AFURLRequestSerialization.m */ = {isa = PBXFileReference; fileEncoding = 4; lastKnownFileType = sourcecode.c.objc; path = AFURLRequestSerialization.m; sourceTree = "<group>"; };
		AACA542619C057C000E39D94 /* AFURLResponseSerialization.h */ = {isa = PBXFileReference; fileEncoding = 4; lastKnownFileType = sourcecode.c.h; path = AFURLResponseSerialization.h; sourceTree = "<group>"; };
		AACA542719C057C000E39D94 /* AFURLResponseSerialization.m */ = {isa = PBXFileReference; fileEncoding = 4; lastKnownFileType = sourcecode.c.objc; path = AFURLResponseSerialization.m; sourceTree = "<group>"; };
		AACA542819C057C000E39D94 /* AFURLSessionManager.h */ = {isa = PBXFileReference; fileEncoding = 4; lastKnownFileType = sourcecode.c.h; path = AFURLSessionManager.h; sourceTree = "<group>"; };
		AACA542919C057C000E39D94 /* AFURLSessionManager.m */ = {isa = PBXFileReference; fileEncoding = 4; lastKnownFileType = sourcecode.c.objc; path = AFURLSessionManager.m; sourceTree = "<group>"; };
		AACA542B19C057C000E39D94 /* AFNetworkActivityIndicatorManager.h */ = {isa = PBXFileReference; fileEncoding = 4; lastKnownFileType = sourcecode.c.h; path = AFNetworkActivityIndicatorManager.h; sourceTree = "<group>"; };
		AACA542C19C057C000E39D94 /* AFNetworkActivityIndicatorManager.m */ = {isa = PBXFileReference; fileEncoding = 4; lastKnownFileType = sourcecode.c.objc; path = AFNetworkActivityIndicatorManager.m; sourceTree = "<group>"; };
		AACA542D19C057C000E39D94 /* UIActivityIndicatorView+AFNetworking.h */ = {isa = PBXFileReference; fileEncoding = 4; lastKnownFileType = sourcecode.c.h; path = "UIActivityIndicatorView+AFNetworking.h"; sourceTree = "<group>"; };
		AACA542E19C057C000E39D94 /* UIActivityIndicatorView+AFNetworking.m */ = {isa = PBXFileReference; fileEncoding = 4; lastKnownFileType = sourcecode.c.objc; path = "UIActivityIndicatorView+AFNetworking.m"; sourceTree = "<group>"; };
		AACA542F19C057C000E39D94 /* UIAlertView+AFNetworking.h */ = {isa = PBXFileReference; fileEncoding = 4; lastKnownFileType = sourcecode.c.h; path = "UIAlertView+AFNetworking.h"; sourceTree = "<group>"; };
		AACA543019C057C000E39D94 /* UIAlertView+AFNetworking.m */ = {isa = PBXFileReference; fileEncoding = 4; lastKnownFileType = sourcecode.c.objc; path = "UIAlertView+AFNetworking.m"; sourceTree = "<group>"; };
		AACA543119C057C000E39D94 /* UIButton+AFNetworking.h */ = {isa = PBXFileReference; fileEncoding = 4; lastKnownFileType = sourcecode.c.h; path = "UIButton+AFNetworking.h"; sourceTree = "<group>"; };
		AACA543219C057C000E39D94 /* UIButton+AFNetworking.m */ = {isa = PBXFileReference; fileEncoding = 4; lastKnownFileType = sourcecode.c.objc; path = "UIButton+AFNetworking.m"; sourceTree = "<group>"; };
		AACA543319C057C000E39D94 /* UIImageView+AFNetworking.h */ = {isa = PBXFileReference; fileEncoding = 4; lastKnownFileType = sourcecode.c.h; path = "UIImageView+AFNetworking.h"; sourceTree = "<group>"; };
		AACA543419C057C000E39D94 /* UIImageView+AFNetworking.m */ = {isa = PBXFileReference; fileEncoding = 4; lastKnownFileType = sourcecode.c.objc; path = "UIImageView+AFNetworking.m"; sourceTree = "<group>"; };
		AACA543519C057C000E39D94 /* UIKit+AFNetworking.h */ = {isa = PBXFileReference; fileEncoding = 4; lastKnownFileType = sourcecode.c.h; path = "UIKit+AFNetworking.h"; sourceTree = "<group>"; };
		AACA543619C057C000E39D94 /* UIProgressView+AFNetworking.h */ = {isa = PBXFileReference; fileEncoding = 4; lastKnownFileType = sourcecode.c.h; path = "UIProgressView+AFNetworking.h"; sourceTree = "<group>"; };
		AACA543719C057C000E39D94 /* UIProgressView+AFNetworking.m */ = {isa = PBXFileReference; fileEncoding = 4; lastKnownFileType = sourcecode.c.objc; path = "UIProgressView+AFNetworking.m"; sourceTree = "<group>"; };
		AACA543819C057C000E39D94 /* UIRefreshControl+AFNetworking.h */ = {isa = PBXFileReference; fileEncoding = 4; lastKnownFileType = sourcecode.c.h; path = "UIRefreshControl+AFNetworking.h"; sourceTree = "<group>"; };
		AACA543919C057C000E39D94 /* UIRefreshControl+AFNetworking.m */ = {isa = PBXFileReference; fileEncoding = 4; lastKnownFileType = sourcecode.c.objc; path = "UIRefreshControl+AFNetworking.m"; sourceTree = "<group>"; };
		AACA543A19C057C000E39D94 /* UIWebView+AFNetworking.h */ = {isa = PBXFileReference; fileEncoding = 4; lastKnownFileType = sourcecode.c.h; path = "UIWebView+AFNetworking.h"; sourceTree = "<group>"; };
		AACA543B19C057C000E39D94 /* UIWebView+AFNetworking.m */ = {isa = PBXFileReference; fileEncoding = 4; lastKnownFileType = sourcecode.c.objc; path = "UIWebView+AFNetworking.m"; sourceTree = "<group>"; };
/* End PBXFileReference section */

/* Begin PBXFrameworksBuildPhase section */
		AA623CD81998A7F200A942A9 /* Frameworks */ = {
			isa = PBXFrameworksBuildPhase;
			buildActionMask = 2147483647;
			files = (
				A58F910D19A4A5830076AA1E /* AudioToolbox.framework in Frameworks */,
				AA623CE11998A7F200A942A9 /* CoreGraphics.framework in Frameworks */,
				AA623E7A1998D19000A942A9 /* FacebookSDK.framework in Frameworks */,
				AA623CE31998A7F200A942A9 /* UIKit.framework in Frameworks */,
				AA623CDF1998A7F200A942A9 /* Foundation.framework in Frameworks */,
			);
			runOnlyForDeploymentPostprocessing = 0;
		};
		AA623CF31998A7F200A942A9 /* Frameworks */ = {
			isa = PBXFrameworksBuildPhase;
			buildActionMask = 2147483647;
			files = (
				AA623CF81998A7F200A942A9 /* XCTest.framework in Frameworks */,
				AA623CFA1998A7F200A942A9 /* UIKit.framework in Frameworks */,
				AA623CF91998A7F200A942A9 /* Foundation.framework in Frameworks */,
			);
			runOnlyForDeploymentPostprocessing = 0;
		};
/* End PBXFrameworksBuildPhase section */

/* Begin PBXGroup section */
		A5E3E20419991A1100322727 /* MachineClass */ = {
			isa = PBXGroup;
			children = (
				AA241F84199CFB5200897D6D /* _SyncControl.h */,
				AA241F85199CFB5200897D6D /* _SyncControl.m */,
				AA623D451998D17700A942A9 /* _AppAdvice.h */,
				AA623D461998D17700A942A9 /* _AppAdvice.m */,
				AA623D4D1998D17700A942A9 /* _Device.h */,
				AA623D4E1998D17700A942A9 /* _Device.m */,
				AA623D631998D17700A942A9 /* _Match.h */,
				AA623D641998D17700A942A9 /* _Match.m */,
				AA623D691998D17700A942A9 /* _Message.h */,
				AA623D6A1998D17700A942A9 /* _Message.m */,
				AA623D6D1998D17700A942A9 /* _Player.h */,
				AA623D6E1998D17700A942A9 /* _Player.m */,
				AA623D791998D17700A942A9 /* _SML.h */,
				AA623D7A1998D17700A942A9 /* _SML.m */,
				AA623D7F1998D17700A942A9 /* _Team.h */,
				AA623D801998D17700A942A9 /* _Team.m */,
			);
			name = MachineClass;
			sourceTree = "<group>";
		};
		AA05ADFB199A6DF80046EB6F /* CoreData Classes */ = {
			isa = PBXGroup;
			children = (
				AA241F81199CFB4900897D6D /* SyncControl.h */,
				AA241F82199CFB4900897D6D /* SyncControl.m */,
				AA623D831998D17700A942A9 /* AppAdvice.h */,
				AA623D841998D17700A942A9 /* AppAdvice.m */,
				AA623D8F1998D17700A942A9 /* Device.h */,
				AA623D901998D17700A942A9 /* Device.m */,
				AA623DA51998D17700A942A9 /* Match.h */,
				AA623DA61998D17700A942A9 /* Match.m */,
				AA623DAB1998D17700A942A9 /* Message.h */,
				AA623DAC1998D17700A942A9 /* Message.m */,
				AA623DAF1998D17700A942A9 /* Player.h */,
				AA623DB01998D17700A942A9 /* Player.m */,
				AA623DBB1998D17700A942A9 /* SML.h */,
				AA623DBC1998D17700A942A9 /* SML.m */,
				AA623DC11998D17700A942A9 /* Team.h */,
				AA623DC21998D17700A942A9 /* Team.m */,
			);
			name = "CoreData Classes";
			sourceTree = "<group>";
		};
		AA623CD21998A7F200A942A9 = {
			isa = PBXGroup;
			children = (
				AA623D171998CAE100A942A9 /* Storyboards */,
				AA623CE41998A7F200A942A9 /* Goles */,
				AA623CFD1998A7F200A942A9 /* GolesTests */,
				AA623CDD1998A7F200A942A9 /* Frameworks */,
				AA623CDC1998A7F200A942A9 /* Products */,
			);
			sourceTree = "<group>";
		};
		AA623CDC1998A7F200A942A9 /* Products */ = {
			isa = PBXGroup;
			children = (
				AA623CDB1998A7F200A942A9 /* Goles.app */,
				AA623CF61998A7F200A942A9 /* GolesTests.xctest */,
			);
			name = Products;
			sourceTree = "<group>";
		};
		AA623CDD1998A7F200A942A9 /* Frameworks */ = {
			isa = PBXGroup;
			children = (
				A58F910C19A4A5830076AA1E /* AudioToolbox.framework */,
				AA623CDE1998A7F200A942A9 /* Foundation.framework */,
				AA623CE01998A7F200A942A9 /* CoreGraphics.framework */,
				AA623CE21998A7F200A942A9 /* UIKit.framework */,
				AA623CF71998A7F200A942A9 /* XCTest.framework */,
			);
			name = Frameworks;
			sourceTree = "<group>";
		};
		AA623CE41998A7F200A942A9 /* Goles */ = {
			isa = PBXGroup;
			children = (
				AA623CED1998A7F200A942A9 /* AppDelegate.h */,
				AA623CEE1998A7F200A942A9 /* AppDelegate.m */,
				AA623E7B1998D1A200A942A9 /* ViewControllers */,
				AA623D441998D17700A942A9 /* CoreData */,
				AA623DC51998D17700A942A9 /* Libraries */,
				AA623DF71998D17800A942A9 /* Managers */,
				AA623E041998D17800A942A9 /* Utils */,
				AA623E0F1998D17800A942A9 /* Webservice */,
				AA623CF01998A7F200A942A9 /* Images.xcassets */,
				AA623D181998CDC200A942A9 /* Resources */,
				AA623CE51998A7F200A942A9 /* Supporting Files */,
			);
			path = Goles;
			sourceTree = "<group>";
		};
		AA623CE51998A7F200A942A9 /* Supporting Files */ = {
			isa = PBXGroup;
			children = (
				AA623CE61998A7F200A942A9 /* Goles-Info.plist */,
				AA623CEA1998A7F200A942A9 /* main.m */,
				AA623CEC1998A7F200A942A9 /* Goles-Prefix.pch */,
			);
			name = "Supporting Files";
			sourceTree = "<group>";
		};
		AA623CFD1998A7F200A942A9 /* GolesTests */ = {
			isa = PBXGroup;
			children = (
				AA623D031998A7F200A942A9 /* GolesTests.m */,
				AA623CFE1998A7F200A942A9 /* Supporting Files */,
			);
			path = GolesTests;
			sourceTree = "<group>";
		};
		AA623CFE1998A7F200A942A9 /* Supporting Files */ = {
			isa = PBXGroup;
			children = (
				AA623CFF1998A7F200A942A9 /* GolesTests-Info.plist */,
				AA623D001998A7F200A942A9 /* InfoPlist.strings */,
			);
			name = "Supporting Files";
			sourceTree = "<group>";
		};
		AA623D171998CAE100A942A9 /* Storyboards */ = {
			isa = PBXGroup;
			children = (
				AA623D251998CE1500A942A9 /* Setup.storyboard */,
				AA623D2E1998CE4F00A942A9 /* Me.storyboard */,
				AA623D311998CE5200A942A9 /* People.storyboard */,
			);
			name = Storyboards;
			sourceTree = "<group>";
		};
		AA623D181998CDC200A942A9 /* Resources */ = {
			isa = PBXGroup;
			children = (
				AA623F131998F29D00A942A9 /* Localizable.strings */,
				AA623D381998CF4B00A942A9 /* InfoPlist.strings */,
				AA623D391998CF4B00A942A9 /* scripts */,
				AA623D3B1998CF4B00A942A9 /* sound */,
			);
			path = Resources;
			sourceTree = "<group>";
		};
		AA623D391998CF4B00A942A9 /* scripts */ = {
			isa = PBXGroup;
			children = (
				AA623D3A1998CF4B00A942A9 /* golesMogen.sh */,
			);
			path = scripts;
			sourceTree = "<group>";
		};
		AA623D3B1998CF4B00A942A9 /* sound */ = {
			isa = PBXGroup;
			children = (
				AA623D3C1998CF4B00A942A9 /* a.aiff */,
				AA623D3D1998CF4B00A942A9 /* g.aiff */,
				AA623D3E1998CF4B00A942A9 /* s.aiff */,
			);
			path = sound;
			sourceTree = "<group>";
		};
		AA623D441998D17700A942A9 /* CoreData */ = {
			isa = PBXGroup;
			children = (
				A5E3E2081999206C00322727 /* defaultDataBase.sqlite */,
				A5E3E2051999205E00322727 /* golesDataBase.xcdatamodeld */,
				A5E3E20419991A1100322727 /* MachineClass */,
				AA623D8B1998D17700A942A9 /* CoreDataGenerator.h */,
				AA623D8C1998D17700A942A9 /* CoreDataGenerator.m */,
				AA623D8D1998D17700A942A9 /* CoreDataParsing.h */,
				AA623D8E1998D17700A942A9 /* CoreDataParsing.m */,
				AA05ADFB199A6DF80046EB6F /* CoreData Classes */,
			);
			path = CoreData;
			sourceTree = "<group>";
		};
		AA623DC51998D17700A942A9 /* Libraries */ = {
			isa = PBXGroup;
			children = (
				AACA541619C057C000E39D94 /* AFNetworking */,
				AACA542A19C057C000E39D94 /* UIKit+AFNetworking */,
				AA623E791998D19000A942A9 /* FacebookSDK.framework */,
				AA623DDA1998D17700A942A9 /* appirater */,
				AA623DE31998D17700A942A9 /* NSDateUtils */,
				AA623DE61998D17700A942A9 /* Reachability */,
			);
			path = Libraries;
			sourceTree = "<group>";
		};
		AA623DDA1998D17700A942A9 /* appirater */ = {
			isa = PBXGroup;
			children = (
				AA623DDB1998D17700A942A9 /* Appirater.h */,
				AA623DDC1998D17700A942A9 /* Appirater.m */,
				AA623DDD1998D17700A942A9 /* AppiraterDelegate.h */,
				AA623DDE1998D17700A942A9 /* AppiraterLocalizable.strings */,
			);
			path = appirater;
			sourceTree = "<group>";
		};
		AA623DE31998D17700A942A9 /* NSDateUtils */ = {
			isa = PBXGroup;
			children = (
				AA623DE41998D17700A942A9 /* NSDate+Utils.h */,
				AA623DE51998D17700A942A9 /* NSDate+Utils.m */,
			);
			path = NSDateUtils;
			sourceTree = "<group>";
		};
		AA623DE61998D17700A942A9 /* Reachability */ = {
			isa = PBXGroup;
			children = (
			);
			path = Reachability;
			sourceTree = "<group>";
		};
		AA623DF71998D17800A942A9 /* Managers */ = {
			isa = PBXGroup;
			children = (
				AA623DF81998D17800A942A9 /* CoreDataManager.h */,
				AA623DF91998D17800A942A9 /* CoreDataManager.m */,
				AA241F87199CFB6400897D6D /* SyncManager.h */,
				AA241F88199CFB6400897D6D /* SyncManager.m */,
				AA623DFE1998D17800A942A9 /* NavigationManager.h */,
				AA623DFF1998D17800A942A9 /* NavigationManager.m */,
				AA623E021998D17800A942A9 /* UserManager.h */,
				AA623E031998D17800A942A9 /* UserManager.m */,
			);
			path = Managers;
			sourceTree = "<group>";
		};
		AA623E041998D17800A942A9 /* Utils */ = {
			isa = PBXGroup;
			children = (
				A5E3E2011999193000322727 /* UIview+moveTo.h */,
				A5E3E2021999193000322727 /* UIview+moveTo.m */,
				A5E3E1FE199918D200322727 /* UILabel+Resize.h */,
				A5E3E1FF199918D200322727 /* UILabel+Resize.m */,
				A5E3E1FB1999158700322727 /* UIImage+ImageEffects.h */,
				A5E3E1FC1999158700322727 /* UIImage+ImageEffects.m */,
				AA623E061998D17800A942A9 /* Constants.h */,
				AA623E071998D17800A942A9 /* Fav24Colors.h */,
				AA623E081998D17800A942A9 /* Fav24Colors.m */,
				AA623E091998D17800A942A9 /* Fav24Fonts.h */,
				AA623E0A1998D17800A942A9 /* Fav24Fonts.m */,
				AA623E0C1998D17800A942A9 /* Services.pch */,
				AA623E0D1998D17800A942A9 /* Utils.h */,
				AA623E0E1998D17800A942A9 /* Utils.m */,
			);
			path = Utils;
			sourceTree = "<group>";
		};
		AA623E0F1998D17800A942A9 /* Webservice */ = {
			isa = PBXGroup;
			children = (
				AA623E101998D17800A942A9 /* FavEntityDescriptor.h */,
				AA623E111998D17800A942A9 /* FavEntityDescriptor.m */,
				AA623E121998D17800A942A9 /* FavGeneralDAO.h */,
				AA623E131998D17800A942A9 /* FavGeneralDAO.m */,
				AA623E141998D17800A942A9 /* FavRestConsumer.h */,
				AA623E151998D17800A942A9 /* FavRestConsumer.m */,
				AA623E161998D17800A942A9 /* FavRestConsumerHelper.h */,
				AA623E171998D17800A942A9 /* FavRestConsumerHelper.m */,
				AA05ADFC199A6E320046EB6F /* FilterCreation.h */,
				AA05ADFD199A6E320046EB6F /* FilterCreation.m */,
			);
			path = Webservice;
			sourceTree = "<group>";
		};
		AA623E7B1998D1A200A942A9 /* ViewControllers */ = {
			isa = PBXGroup;
			children = (
				AA623E7C1998D78600A942A9 /* Base Controllers */,
				AA623E871998D78600A942A9 /* People */,
				AA623E881998D78600A942A9 /* Timeline */,
				AA623ED71998D78600A942A9 /* Setup */,
				AA623EDB1998D78600A942A9 /* Yo */,
			);
			name = ViewControllers;
			sourceTree = "<group>";
		};
		AA623E7C1998D78600A942A9 /* Base Controllers */ = {
			isa = PBXGroup;
			children = (
				AA623E7D1998D78600A942A9 /* AppAdviceViewController.h */,
				AA623E7E1998D78600A942A9 /* AppAdviceViewController.m */,
				AA623E7F1998D78600A942A9 /* AppAdviceViewController.xib */,
				AA623E801998D78600A942A9 /* Fav24ExtendedNavigationController.h */,
				AA623E811998D78600A942A9 /* Fav24ExtendedNavigationController.m */,
				AA623E821998D78600A942A9 /* FAVFormContainerViewController.h */,
				AA623E831998D78600A942A9 /* FAVFormContainerViewController.m */,
				AA623E841998D78600A942A9 /* LandingViewController.h */,
				AA623E851998D78600A942A9 /* LandingViewController.m */,
				AA623E861998D78600A942A9 /* LandingViewController.xib */,
			);
			name = "Base Controllers";
			path = "ViewControllers/Base Controllers";
			sourceTree = "<group>";
		};
		AA623E871998D78600A942A9 /* People */ = {
			isa = PBXGroup;
			children = (
				AA623F151998F46E00A942A9 /* GenteTableViewController.h */,
				AA623F161998F46E00A942A9 /* GenteTableViewController.m */,
			);
			name = People;
			path = ViewControllers/Gente;
			sourceTree = "<group>";
		};
		AA623E881998D78600A942A9 /* Timeline */ = {
			isa = PBXGroup;
			children = (
			);
			name = Timeline;
			path = ViewControllers/Partidos;
			sourceTree = "<group>";
		};
		AA623ED71998D78600A942A9 /* Setup */ = {
			isa = PBXGroup;
			children = (
				AA623ED81998D78600A942A9 /* LoginViewController.h */,
				AA623ED91998D78600A942A9 /* LoginViewController.m */,
			);
			name = Setup;
			path = ViewControllers/Setup;
			sourceTree = "<group>";
		};
		AA623EDB1998D78600A942A9 /* Yo */ = {
			isa = PBXGroup;
			children = (
				AA623F1B1998F49700A942A9 /* YoContainerViewController.h */,
				AA623F1C1998F49700A942A9 /* YoContainerViewController.m */,
			);
			name = Yo;
			path = ViewControllers/Yo;
			sourceTree = "<group>";
		};
		AACA541619C057C000E39D94 /* AFNetworking */ = {
			isa = PBXGroup;
			children = (
				AACA541719C057C000E39D94 /* AFHTTPRequestOperation.h */,
				AACA541819C057C000E39D94 /* AFHTTPRequestOperation.m */,
				AACA541919C057C000E39D94 /* AFHTTPRequestOperationManager.h */,
				AACA541A19C057C000E39D94 /* AFHTTPRequestOperationManager.m */,
				AACA541B19C057C000E39D94 /* AFHTTPSessionManager.h */,
				AACA541C19C057C000E39D94 /* AFHTTPSessionManager.m */,
				AACA541D19C057C000E39D94 /* AFNetworking.h */,
				AACA541E19C057C000E39D94 /* AFNetworkReachabilityManager.h */,
				AACA541F19C057C000E39D94 /* AFNetworkReachabilityManager.m */,
				AACA542019C057C000E39D94 /* AFSecurityPolicy.h */,
				AACA542119C057C000E39D94 /* AFSecurityPolicy.m */,
				AACA542219C057C000E39D94 /* AFURLConnectionOperation.h */,
				AACA542319C057C000E39D94 /* AFURLConnectionOperation.m */,
				AACA542419C057C000E39D94 /* AFURLRequestSerialization.h */,
				AACA542519C057C000E39D94 /* AFURLRequestSerialization.m */,
				AACA542619C057C000E39D94 /* AFURLResponseSerialization.h */,
				AACA542719C057C000E39D94 /* AFURLResponseSerialization.m */,
				AACA542819C057C000E39D94 /* AFURLSessionManager.h */,
				AACA542919C057C000E39D94 /* AFURLSessionManager.m */,
			);
			path = AFNetworking;
			sourceTree = "<group>";
		};
		AACA542A19C057C000E39D94 /* UIKit+AFNetworking */ = {
			isa = PBXGroup;
			children = (
				AACA542B19C057C000E39D94 /* AFNetworkActivityIndicatorManager.h */,
				AACA542C19C057C000E39D94 /* AFNetworkActivityIndicatorManager.m */,
				AACA542D19C057C000E39D94 /* UIActivityIndicatorView+AFNetworking.h */,
				AACA542E19C057C000E39D94 /* UIActivityIndicatorView+AFNetworking.m */,
				AACA542F19C057C000E39D94 /* UIAlertView+AFNetworking.h */,
				AACA543019C057C000E39D94 /* UIAlertView+AFNetworking.m */,
				AACA543119C057C000E39D94 /* UIButton+AFNetworking.h */,
				AACA543219C057C000E39D94 /* UIButton+AFNetworking.m */,
				AACA543319C057C000E39D94 /* UIImageView+AFNetworking.h */,
				AACA543419C057C000E39D94 /* UIImageView+AFNetworking.m */,
				AACA543519C057C000E39D94 /* UIKit+AFNetworking.h */,
				AACA543619C057C000E39D94 /* UIProgressView+AFNetworking.h */,
				AACA543719C057C000E39D94 /* UIProgressView+AFNetworking.m */,
				AACA543819C057C000E39D94 /* UIRefreshControl+AFNetworking.h */,
				AACA543919C057C000E39D94 /* UIRefreshControl+AFNetworking.m */,
				AACA543A19C057C000E39D94 /* UIWebView+AFNetworking.h */,
				AACA543B19C057C000E39D94 /* UIWebView+AFNetworking.m */,
			);
			path = "UIKit+AFNetworking";
			sourceTree = "<group>";
		};
/* End PBXGroup section */

/* Begin PBXNativeTarget section */
		AA623CDA1998A7F200A942A9 /* Goles */ = {
			isa = PBXNativeTarget;
			buildConfigurationList = AA623D071998A7F200A942A9 /* Build configuration list for PBXNativeTarget "Goles" */;
			buildPhases = (
				AA623CD71998A7F200A942A9 /* Sources */,
				AA623CD81998A7F200A942A9 /* Frameworks */,
				AA623CD91998A7F200A942A9 /* Resources */,
				AA241F80199CF9B300897D6D /* ShellScript */,
			);
			buildRules = (
			);
			dependencies = (
			);
			name = Goles;
			productName = Goles;
			productReference = AA623CDB1998A7F200A942A9 /* Goles.app */;
			productType = "com.apple.product-type.application";
		};
		AA623CF51998A7F200A942A9 /* GolesTests */ = {
			isa = PBXNativeTarget;
			buildConfigurationList = AA623D0A1998A7F200A942A9 /* Build configuration list for PBXNativeTarget "GolesTests" */;
			buildPhases = (
				AA623CF21998A7F200A942A9 /* Sources */,
				AA623CF31998A7F200A942A9 /* Frameworks */,
				AA623CF41998A7F200A942A9 /* Resources */,
			);
			buildRules = (
			);
			dependencies = (
				AA623CFC1998A7F200A942A9 /* PBXTargetDependency */,
			);
			name = GolesTests;
			productName = GolesTests;
			productReference = AA623CF61998A7F200A942A9 /* GolesTests.xctest */;
			productType = "com.apple.product-type.bundle.unit-test";
		};
/* End PBXNativeTarget section */

/* Begin PBXProject section */
		AA623CD31998A7F200A942A9 /* Project object */ = {
			isa = PBXProject;
			attributes = {
				LastUpgradeCheck = 0510;
				ORGANIZATIONNAME = Fav24;
				TargetAttributes = {
					AA623CDA1998A7F200A942A9 = {
						DevelopmentTeam = C7YMPN4A4Y;
					};
					AA623CF51998A7F200A942A9 = {
						TestTargetID = AA623CDA1998A7F200A942A9;
					};
				};
			};
			buildConfigurationList = AA623CD61998A7F200A942A9 /* Build configuration list for PBXProject "Goles" */;
			compatibilityVersion = "Xcode 3.2";
			developmentRegion = English;
			hasScannedForEncodings = 0;
			knownRegions = (
				en,
				es,
			);
			mainGroup = AA623CD21998A7F200A942A9;
			productRefGroup = AA623CDC1998A7F200A942A9 /* Products */;
			projectDirPath = "";
			projectRoot = "";
			targets = (
				AA623CDA1998A7F200A942A9 /* Goles */,
				AA623CF51998A7F200A942A9 /* GolesTests */,
			);
		};
/* End PBXProject section */

/* Begin PBXResourcesBuildPhase section */
		AA623CD91998A7F200A942A9 /* Resources */ = {
			isa = PBXResourcesBuildPhase;
			buildActionMask = 2147483647;
			files = (
				AA623D231998CE1500A942A9 /* Setup.storyboard in Resources */,
				AA623D3F1998CF4B00A942A9 /* InfoPlist.strings in Resources */,
				AA623E621998D17800A942A9 /* AppiraterLocalizable.strings in Resources */,
				AA623D2C1998CE4F00A942A9 /* Me.storyboard in Resources */,
				AA623D431998CF4B00A942A9 /* s.aiff in Resources */,
				AA623D2F1998CE5200A942A9 /* People.storyboard in Resources */,
				AA623D421998CF4B00A942A9 /* g.aiff in Resources */,
				AA623F111998F29D00A942A9 /* Localizable.strings in Resources */,
				AA623EE11998D78600A942A9 /* LandingViewController.xib in Resources */,
				A5E3E2091999206C00322727 /* defaultDataBase.sqlite in Resources */,
				AA623D401998CF4B00A942A9 /* golesMogen.sh in Resources */,
				AA623D411998CF4B00A942A9 /* a.aiff in Resources */,
				AA623CF11998A7F200A942A9 /* Images.xcassets in Resources */,
				AA623EDD1998D78600A942A9 /* AppAdviceViewController.xib in Resources */,
			);
			runOnlyForDeploymentPostprocessing = 0;
		};
		AA623CF41998A7F200A942A9 /* Resources */ = {
			isa = PBXResourcesBuildPhase;
			buildActionMask = 2147483647;
			files = (
				AA623D021998A7F200A942A9 /* InfoPlist.strings in Resources */,
			);
			runOnlyForDeploymentPostprocessing = 0;
		};
/* End PBXResourcesBuildPhase section */

/* Begin PBXShellScriptBuildPhase section */
		AA241F80199CF9B300897D6D /* ShellScript */ = {
			isa = PBXShellScriptBuildPhase;
			buildActionMask = 2147483647;
			files = (
			);
			inputPaths = (
			);
			outputPaths = (
			);
			runOnlyForDeploymentPostprocessing = 0;
			shellPath = /bin/sh;
			shellScript = "${PROJECT_DIR}/Goles/Resources/Scripts/golesMogen.sh";
		};
/* End PBXShellScriptBuildPhase section */

/* Begin PBXSourcesBuildPhase section */
		AA623CD71998A7F200A942A9 /* Sources */ = {
			isa = PBXSourcesBuildPhase;
			buildActionMask = 2147483647;
			files = (
				A5E3E2071999205E00322727 /* golesDataBase.xcdatamodeld in Sources */,
				AA623E561998D17800A942A9 /* Team.m in Sources */,
				AA623EE01998D78600A942A9 /* LandingViewController.m in Sources */,
				AA623CEF1998A7F200A942A9 /* AppDelegate.m in Sources */,
				AACA543F19C057C000E39D94 /* AFNetworkReachabilityManager.m in Sources */,
				AA241F89199CFB6400897D6D /* SyncManager.m in Sources */,
				AA623E641998D17800A942A9 /* NSDate+Utils.m in Sources */,
				AACA543D19C057C000E39D94 /* AFHTTPRequestOperationManager.m in Sources */,
				AACA544419C057C000E39D94 /* AFURLSessionManager.m in Sources */,
				AACA544819C057C000E39D94 /* UIButton+AFNetworking.m in Sources */,
				AA623E3D1998D17800A942A9 /* Device.m in Sources */,
				AA623E751998D17800A942A9 /* FavEntityDescriptor.m in Sources */,
				AACA544119C057C000E39D94 /* AFURLConnectionOperation.m in Sources */,
				AA623E771998D17800A942A9 /* FavRestConsumer.m in Sources */,
				AA623E351998D17800A942A9 /* _Team.m in Sources */,
				AA623E1C1998D17800A942A9 /* _Device.m in Sources */,
				AA241F86199CFB5200897D6D /* _SyncControl.m in Sources */,
				AA623E6F1998D17800A942A9 /* NavigationManager.m in Sources */,
				AA623EDF1998D78600A942A9 /* FAVFormContainerViewController.m in Sources */,
				AACA543C19C057C000E39D94 /* AFHTTPRequestOperation.m in Sources */,
				A5E3E2031999193000322727 /* UIview+moveTo.m in Sources */,
				AA623E481998D17800A942A9 /* Match.m in Sources */,
				AACA543E19C057C000E39D94 /* AFHTTPSessionManager.m in Sources */,
				AA623E2A1998D17800A942A9 /* _Message.m in Sources */,
				AA623E271998D17800A942A9 /* _Match.m in Sources */,
				AA623E3B1998D17800A942A9 /* CoreDataGenerator.m in Sources */,
				AA623E761998D17800A942A9 /* FavGeneralDAO.m in Sources */,
				AACA544B19C057C000E39D94 /* UIRefreshControl+AFNetworking.m in Sources */,
				AA623E2C1998D17800A942A9 /* _Player.m in Sources */,
				AA623E781998D17800A942A9 /* FavRestConsumerHelper.m in Sources */,
				AACA544319C057C000E39D94 /* AFURLResponseSerialization.m in Sources */,
				AA623E611998D17800A942A9 /* Appirater.m in Sources */,
				AA623E741998D17800A942A9 /* Utils.m in Sources */,
				AA623E371998D17800A942A9 /* AppAdvice.m in Sources */,
				AA623E321998D17800A942A9 /* _SML.m in Sources */,
				AA623F0D1998D78600A942A9 /* LoginViewController.m in Sources */,
				AA623EDE1998D78600A942A9 /* Fav24ExtendedNavigationController.m in Sources */,
				AACA544619C057C000E39D94 /* UIActivityIndicatorView+AFNetworking.m in Sources */,
				AA623E4D1998D17800A942A9 /* Player.m in Sources */,
				AACA544C19C057C000E39D94 /* UIWebView+AFNetworking.m in Sources */,
				AACA544219C057C000E39D94 /* AFURLRequestSerialization.m in Sources */,
				AACA544519C057C000E39D94 /* AFNetworkActivityIndicatorManager.m in Sources */,
				AA623EDC1998D78600A942A9 /* AppAdviceViewController.m in Sources */,
				AA623E721998D17800A942A9 /* Fav24Colors.m in Sources */,
				AA623E181998D17800A942A9 /* _AppAdvice.m in Sources */,
				AA623F1D1998F49700A942A9 /* YoContainerViewController.m in Sources */,
				AA623E4B1998D17800A942A9 /* Message.m in Sources */,
				AA623F171998F46E00A942A9 /* GenteTableViewController.m in Sources */,
				A5E3E1FD1999158700322727 /* UIImage+ImageEffects.m in Sources */,
				AA241F83199CFB4900897D6D /* SyncControl.m in Sources */,
				A5E3E200199918D200322727 /* UILabel+Resize.m in Sources */,
				AACA544A19C057C000E39D94 /* UIProgressView+AFNetworking.m in Sources */,
				AA623E6C1998D17800A942A9 /* CoreDataManager.m in Sources */,
				AA623E731998D17800A942A9 /* Fav24Fonts.m in Sources */,
				AACA544019C057C000E39D94 /* AFSecurityPolicy.m in Sources */,
				AA623E3C1998D17800A942A9 /* CoreDataParsing.m in Sources */,
				AACA544719C057C000E39D94 /* UIAlertView+AFNetworking.m in Sources */,
				AA623E711998D17800A942A9 /* UserManager.m in Sources */,
				AA05ADFE199A6E320046EB6F /* FilterCreation.m in Sources */,
				AA623E531998D17800A942A9 /* SML.m in Sources */,
				AACA544919C057C000E39D94 /* UIImageView+AFNetworking.m in Sources */,
				AA623CEB1998A7F200A942A9 /* main.m in Sources */,
			);
			runOnlyForDeploymentPostprocessing = 0;
		};
		AA623CF21998A7F200A942A9 /* Sources */ = {
			isa = PBXSourcesBuildPhase;
			buildActionMask = 2147483647;
			files = (
				AA623D041998A7F200A942A9 /* GolesTests.m in Sources */,
			);
			runOnlyForDeploymentPostprocessing = 0;
		};
/* End PBXSourcesBuildPhase section */

/* Begin PBXTargetDependency section */
		AA623CFC1998A7F200A942A9 /* PBXTargetDependency */ = {
			isa = PBXTargetDependency;
			target = AA623CDA1998A7F200A942A9 /* Goles */;
			targetProxy = AA623CFB1998A7F200A942A9 /* PBXContainerItemProxy */;
		};
/* End PBXTargetDependency section */

/* Begin PBXVariantGroup section */
		AA623D001998A7F200A942A9 /* InfoPlist.strings */ = {
			isa = PBXVariantGroup;
			children = (
				AA623D011998A7F200A942A9 /* en */,
				AA623D371998CE6B00A942A9 /* es */,
			);
			name = InfoPlist.strings;
			sourceTree = "<group>";
		};
		AA623D251998CE1500A942A9 /* Setup.storyboard */ = {
			isa = PBXVariantGroup;
			children = (
				AA623D241998CE1500A942A9 /* en */,
				AA623D321998CE6B00A942A9 /* es */,
			);
			name = Setup.storyboard;
			sourceTree = "<group>";
		};
		AA623D2E1998CE4F00A942A9 /* Me.storyboard */ = {
			isa = PBXVariantGroup;
			children = (
				AA623D2D1998CE4F00A942A9 /* en */,
				AA623D351998CE6B00A942A9 /* es */,
			);
			name = Me.storyboard;
			sourceTree = "<group>";
		};
		AA623D311998CE5200A942A9 /* People.storyboard */ = {
			isa = PBXVariantGroup;
			children = (
				AA623D301998CE5200A942A9 /* en */,
				AA623D361998CE6B00A942A9 /* es */,
			);
			name = People.storyboard;
			sourceTree = "<group>";
		};
		AA623DDE1998D17700A942A9 /* AppiraterLocalizable.strings */ = {
			isa = PBXVariantGroup;
			children = (
				AA623DDF1998D17700A942A9 /* es */,
			);
			name = AppiraterLocalizable.strings;
			sourceTree = "<group>";
		};
		AA623F131998F29D00A942A9 /* Localizable.strings */ = {
			isa = PBXVariantGroup;
			children = (
				AA623F121998F29D00A942A9 /* en */,
				AA623F141998F2A000A942A9 /* es */,
			);
			name = Localizable.strings;
			path = ../..;
			sourceTree = "<group>";
		};
/* End PBXVariantGroup section */

/* Begin XCBuildConfiguration section */
		AA623D051998A7F200A942A9 /* Debug */ = {
			isa = XCBuildConfiguration;
			buildSettings = {
				ALWAYS_SEARCH_USER_PATHS = NO;
				CLANG_CXX_LANGUAGE_STANDARD = "gnu++0x";
				CLANG_CXX_LIBRARY = "libc++";
				CLANG_ENABLE_MODULES = YES;
				CLANG_ENABLE_OBJC_ARC = YES;
				CLANG_WARN_BOOL_CONVERSION = YES;
				CLANG_WARN_CONSTANT_CONVERSION = YES;
				CLANG_WARN_DIRECT_OBJC_ISA_USAGE = YES_ERROR;
				CLANG_WARN_EMPTY_BODY = YES;
				CLANG_WARN_ENUM_CONVERSION = YES;
				CLANG_WARN_INT_CONVERSION = YES;
				CLANG_WARN_OBJC_ROOT_CLASS = YES_ERROR;
				CLANG_WARN__DUPLICATE_METHOD_MATCH = YES;
				"CODE_SIGN_IDENTITY[sdk=iphoneos*]" = "iPhone Developer: Ignasi Elias de Gispert (G59N3Z6ZG6)";
				COPY_PHASE_STRIP = NO;
				GCC_C_LANGUAGE_STANDARD = gnu99;
				GCC_DYNAMIC_NO_PIC = NO;
				GCC_OPTIMIZATION_LEVEL = 0;
				GCC_PREPROCESSOR_DEFINITIONS = (
					"DEBUG=1",
					"$(inherited)",
				);
				GCC_SYMBOLS_PRIVATE_EXTERN = NO;
				GCC_WARN_64_TO_32_BIT_CONVERSION = YES;
				GCC_WARN_ABOUT_RETURN_TYPE = YES_ERROR;
				GCC_WARN_UNDECLARED_SELECTOR = YES;
				GCC_WARN_UNINITIALIZED_AUTOS = YES_AGGRESSIVE;
				GCC_WARN_UNUSED_FUNCTION = YES;
				GCC_WARN_UNUSED_VARIABLE = YES;
				IPHONEOS_DEPLOYMENT_TARGET = 7.0;
				ONLY_ACTIVE_ARCH = YES;
				SDKROOT = iphoneos;
			};
			name = Debug;
		};
		AA623D061998A7F200A942A9 /* Release */ = {
			isa = XCBuildConfiguration;
			buildSettings = {
				ALWAYS_SEARCH_USER_PATHS = NO;
				CLANG_CXX_LANGUAGE_STANDARD = "gnu++0x";
				CLANG_CXX_LIBRARY = "libc++";
				CLANG_ENABLE_MODULES = YES;
				CLANG_ENABLE_OBJC_ARC = YES;
				CLANG_WARN_BOOL_CONVERSION = YES;
				CLANG_WARN_CONSTANT_CONVERSION = YES;
				CLANG_WARN_DIRECT_OBJC_ISA_USAGE = YES_ERROR;
				CLANG_WARN_EMPTY_BODY = YES;
				CLANG_WARN_ENUM_CONVERSION = YES;
				CLANG_WARN_INT_CONVERSION = YES;
				CLANG_WARN_OBJC_ROOT_CLASS = YES_ERROR;
				CLANG_WARN__DUPLICATE_METHOD_MATCH = YES;
				"CODE_SIGN_IDENTITY[sdk=iphoneos*]" = "iPhone Distribution: World Tour Platforms SL (C7YMPN4A4Y)";
				COPY_PHASE_STRIP = YES;
				ENABLE_NS_ASSERTIONS = NO;
				GCC_C_LANGUAGE_STANDARD = gnu99;
				GCC_WARN_64_TO_32_BIT_CONVERSION = YES;
				GCC_WARN_ABOUT_RETURN_TYPE = YES_ERROR;
				GCC_WARN_UNDECLARED_SELECTOR = YES;
				GCC_WARN_UNINITIALIZED_AUTOS = YES_AGGRESSIVE;
				GCC_WARN_UNUSED_FUNCTION = YES;
				GCC_WARN_UNUSED_VARIABLE = YES;
				IPHONEOS_DEPLOYMENT_TARGET = 7.0;
				SDKROOT = iphoneos;
				VALIDATE_PRODUCT = YES;
			};
			name = Release;
		};
		AA623D081998A7F200A942A9 /* Debug */ = {
			isa = XCBuildConfiguration;
			buildSettings = {
				ASSETCATALOG_COMPILER_APPICON_NAME = AppIcon;
				ASSETCATALOG_COMPILER_LAUNCHIMAGE_NAME = LaunchImage;
				FRAMEWORK_SEARCH_PATHS = (
					"$(inherited)",
					"$(PROJECT_DIR)/Goles/Libraries",
				);
				GCC_PRECOMPILE_PREFIX_HEADER = YES;
				GCC_PREFIX_HEADER = "Goles/Goles-Prefix.pch";
				INFOPLIST_FILE = "Goles/Goles-Info.plist";
				IPHONEOS_DEPLOYMENT_TARGET = 7.1;
				LIBRARY_SEARCH_PATHS = "$(inherited)";
				PRODUCT_NAME = "$(TARGET_NAME)";
				WRAPPER_EXTENSION = app;
			};
			name = Debug;
		};
		AA623D091998A7F200A942A9 /* Release */ = {
			isa = XCBuildConfiguration;
			buildSettings = {
				ASSETCATALOG_COMPILER_APPICON_NAME = AppIcon;
				ASSETCATALOG_COMPILER_LAUNCHIMAGE_NAME = LaunchImage;
				FRAMEWORK_SEARCH_PATHS = (
					"$(inherited)",
					"$(PROJECT_DIR)/Goles/Libraries",
				);
				GCC_PRECOMPILE_PREFIX_HEADER = YES;
				GCC_PREFIX_HEADER = "Goles/Goles-Prefix.pch";
				INFOPLIST_FILE = "Goles/Goles-Info.plist";
				IPHONEOS_DEPLOYMENT_TARGET = 7.1;
				LIBRARY_SEARCH_PATHS = "$(inherited)";
				PRODUCT_NAME = "$(TARGET_NAME)";
				WRAPPER_EXTENSION = app;
			};
			name = Release;
		};
		AA623D0B1998A7F200A942A9 /* Debug */ = {
			isa = XCBuildConfiguration;
			buildSettings = {
				BUNDLE_LOADER = "$(BUILT_PRODUCTS_DIR)/Goles.app/Goles";
				FRAMEWORK_SEARCH_PATHS = (
					"$(SDKROOT)/Developer/Library/Frameworks",
					"$(inherited)",
					"$(DEVELOPER_FRAMEWORKS_DIR)",
				);
				GCC_PRECOMPILE_PREFIX_HEADER = YES;
				GCC_PREFIX_HEADER = "Goles/Goles-Prefix.pch";
				GCC_PREPROCESSOR_DEFINITIONS = (
					"DEBUG=1",
					"$(inherited)",
				);
				INFOPLIST_FILE = "GolesTests/GolesTests-Info.plist";
				PRODUCT_NAME = "$(TARGET_NAME)";
				TEST_HOST = "$(BUNDLE_LOADER)";
				WRAPPER_EXTENSION = xctest;
			};
			name = Debug;
		};
		AA623D0C1998A7F200A942A9 /* Release */ = {
			isa = XCBuildConfiguration;
			buildSettings = {
				BUNDLE_LOADER = "$(BUILT_PRODUCTS_DIR)/Goles.app/Goles";
				FRAMEWORK_SEARCH_PATHS = (
					"$(SDKROOT)/Developer/Library/Frameworks",
					"$(inherited)",
					"$(DEVELOPER_FRAMEWORKS_DIR)",
				);
				GCC_PRECOMPILE_PREFIX_HEADER = YES;
				GCC_PREFIX_HEADER = "Goles/Goles-Prefix.pch";
				INFOPLIST_FILE = "GolesTests/GolesTests-Info.plist";
				PRODUCT_NAME = "$(TARGET_NAME)";
				TEST_HOST = "$(BUNDLE_LOADER)";
				WRAPPER_EXTENSION = xctest;
			};
			name = Release;
		};
/* End XCBuildConfiguration section */

/* Begin XCConfigurationList section */
		AA623CD61998A7F200A942A9 /* Build configuration list for PBXProject "Goles" */ = {
			isa = XCConfigurationList;
			buildConfigurations = (
				AA623D051998A7F200A942A9 /* Debug */,
				AA623D061998A7F200A942A9 /* Release */,
			);
			defaultConfigurationIsVisible = 0;
			defaultConfigurationName = Release;
		};
		AA623D071998A7F200A942A9 /* Build configuration list for PBXNativeTarget "Goles" */ = {
			isa = XCConfigurationList;
			buildConfigurations = (
				AA623D081998A7F200A942A9 /* Debug */,
				AA623D091998A7F200A942A9 /* Release */,
			);
			defaultConfigurationIsVisible = 0;
			defaultConfigurationName = Release;
		};
		AA623D0A1998A7F200A942A9 /* Build configuration list for PBXNativeTarget "GolesTests" */ = {
			isa = XCConfigurationList;
			buildConfigurations = (
				AA623D0B1998A7F200A942A9 /* Debug */,
				AA623D0C1998A7F200A942A9 /* Release */,
			);
			defaultConfigurationIsVisible = 0;
			defaultConfigurationName = Release;
		};
/* End XCConfigurationList section */

/* Begin XCVersionGroup section */
		A5E3E2051999205E00322727 /* golesDataBase.xcdatamodeld */ = {
			isa = XCVersionGroup;
			children = (
				A5E3E2061999205E00322727 /* golesDataBase.xcdatamodel */,
			);
			currentVersion = A5E3E2061999205E00322727 /* golesDataBase.xcdatamodel */;
			path = golesDataBase.xcdatamodeld;
			sourceTree = "<group>";
			versionGroupType = wrapper.xcdatamodel;
		};
/* End XCVersionGroup section */
	};
	rootObject = AA623CD31998A7F200A942A9 /* Project object */;
}
